<?xml version="1.0" encoding="utf-8"?>
<Project ToolsVersion="4.0" xmlns="http://schemas.microsoft.com/developer/msbuild/2003">
  <ItemGroup>
    <Filter Include="Resource Files">
      <UniqueIdentifier>{67DA6AB6-F800-4c08-8B7A-83BB121AAD01}</UniqueIdentifier>
      <Extensions>rc;ico;cur;bmp;dlg;rc2;rct;bin;rgs;gif;jpg;jpeg;jpe;resx;tiff;tif;png;wav;mfcribbon-ms</Extensions>
    </Filter>
    <Filter Include="Src">
      <UniqueIdentifier>{faee8bc9-0e83-4bf4-ab0b-07e216c1a2df}</UniqueIdentifier>
    </Filter>
  </ItemGroup>
  <ItemGroup>
    <ClCompile Include="Vec3.cpp">
      <Filter>Src</Filter>
    </ClCompile>
    <ClCompile Include="VecOperations.cpp" />
    <ClCompile Include="Vec2.cpp" />
    <ClCompile Include="Vec4.cpp" />
    <ClCompile Include="Mat4.cpp" />
  </ItemGroup>
  <ItemGroup>
    <ClInclude Include="Vec3.h">
      <Filter>Src</Filter>
    </ClInclude>
    <ClInclude Include="VecOperations.h" />
    <ClInclude Include="Vec2.h" />
    <ClInclude Include="Vec4.h" />
    <ClInclude Include="Mat4.h" />
  </ItemGroup>
</Project>